
Microsoft Visual Studio Solution File, Format Version 12.00
# Visual Studio Version 16
VisualStudioVersion = 16.0.31105.61
MinimumVisualStudioVersion = 10.0.40219.1
Project("{FAE04EC0-301F-11D3-BF4B-00C04F79EFBC}") = "Калькулятор", "Калькулятор\Калькулятор.csproj", "{44B85087-E9E0-40A8-8513-A7544BDE35C3}"
EndProject
Global
	GlobalSection(SolutionConfigurationPlatforms) = preSolution
		Debug|Any CPU = Debug|Any CPU
		Release|Any CPU = Release|Any CPU
	EndGlobalSection
	GlobalSection(ProjectConfigurationPlatforms) = postSolution
		{44B85087-E9E0-40A8-8513-A7544BDE35C3}.Debug|Any CPU.ActiveCfg = Debug|Any CPU
		{44B85087-E9E0-40A8-8513-A7544BDE35C3}.Debug|Any CPU.Build.0 = Debug|Any CPU
		{44B85087-E9E0-40A8-8513-A7544BDE35C3}.Release|Any CPU.ActiveCfg = Release|Any CPU
		{44B85087-E9E0-40A8-8513-A7544BDE35C3}.Release|Any CPU.Build.0 = Release|Any CPU
	EndGlobalSection
	GlobalSection(SolutionProperties) = preSolution
		HideSolutionNode = FALSE
	EndGlobalSection
	GlobalSection(ExtensibilityGlobals) = postSolution
		SolutionGuid = {CEDDD73C-B589-4C48-94F8-2BAF3F82F467}
	EndGlobalSection
EndGlobal
